
Microsoft Visual Studio Solution File, Format Version 12.00
# Visual Studio Version 16
VisualStudioVersion = 16.0.28803.202
MinimumVisualStudioVersion = 10.0.40219.1
Project("{9A19103F-16F7-4668-BE54-9A1E7A4F7556}") = "LoadBalancer", "LoadBalancer\LoadBalancer.csproj", "{8B2C5FC5-0944-4321-9B1B-54FE4A202A15}"
EndProject
Project("{FAE04EC0-301F-11D3-BF4B-00C04F79EFBC}") = "LoadBalancer.Logs.Web", "LoadBalancer.Logs.Web\LoadBalancer.Logs.Web.csproj", "{837B3C65-F81E-45BE-AD3E-204927A70758}"
EndProject
Global
	GlobalSection(SolutionConfigurationPlatforms) = preSolution
		Debug|Any CPU = Debug|Any CPU
		Release|Any CPU = Release|Any CPU
	EndGlobalSection
	GlobalSection(ProjectConfigurationPlatforms) = postSolution
		{8B2C5FC5-0944-4321-9B1B-54FE4A202A15}.Debug|Any CPU.ActiveCfg = Debug|Any CPU
		{8B2C5FC5-0944-4321-9B1B-54FE4A202A15}.Debug|Any CPU.Build.0 = Debug|Any CPU
		{8B2C5FC5-0944-4321-9B1B-54FE4A202A15}.Release|Any CPU.ActiveCfg = Release|Any CPU
		{8B2C5FC5-0944-4321-9B1B-54FE4A202A15}.Release|Any CPU.Build.0 = Release|Any CPU
		{837B3C65-F81E-45BE-AD3E-204927A70758}.Debug|Any CPU.ActiveCfg = Debug|Any CPU
		{837B3C65-F81E-45BE-AD3E-204927A70758}.Debug|Any CPU.Build.0 = Debug|Any CPU
		{837B3C65-F81E-45BE-AD3E-204927A70758}.Release|Any CPU.ActiveCfg = Release|Any CPU
		{837B3C65-F81E-45BE-AD3E-204927A70758}.Release|Any CPU.Build.0 = Release|Any CPU
		{E9B0E726-4467-4C4F-B84F-C74BD2996FC1}.Debug|Any CPU.ActiveCfg = Debug|Any CPU
		{E9B0E726-4467-4C4F-B84F-C74BD2996FC1}.Debug|Any CPU.Build.0 = Debug|Any CPU
		{E9B0E726-4467-4C4F-B84F-C74BD2996FC1}.Release|Any CPU.ActiveCfg = Release|Any CPU
		{E9B0E726-4467-4C4F-B84F-C74BD2996FC1}.Release|Any CPU.Build.0 = Release|Any CPU
	EndGlobalSection
	GlobalSection(SolutionProperties) = preSolution
		HideSolutionNode = FALSE
	EndGlobalSection
	GlobalSection(ExtensibilityGlobals) = postSolution
		SolutionGuid = {80BCEE3B-0BB6-4C35-9000-CAC191F09B06}
	EndGlobalSection
EndGlobal
